{
  "name": "temp-mail-smart-inbox-preview",
  "version": "1.0.0",
  "lockfileVersion": 3,
  "requires": true,
  "packages": {
    "": {
      "name": "temp-mail-smart-inbox-preview",
      "version": "1.0.0",
      "license": "MIT",
      "bin": {
        "temp-mail-preview": "bin/cli.js"
      },
      "devDependencies": {},
      "engines": {
        "node": ">=14.0.0"
      }
    }
  }
}
